
Microsoft Visual Studio Solution File, Format Version 12.00
# Visual Studio 15
VisualStudioVersion = 15.0.26730.15
MinimumVisualStudioVersion = 10.0.40219.1
Project("{8BC9CEB8-8B4A-11D0-8D11-00A0C91BC942}") = "Lab1.6", "Lab1.6\Lab1.6.vcxproj", "{BBB2D5E9-3D38-49BF-B588-34B42CC72D02}"
EndProject
Global
	GlobalSection(SolutionConfigurationPlatforms) = preSolution
		Debug|x64 = Debug|x64
		Debug|x86 = Debug|x86
		Release|x64 = Release|x64
		Release|x86 = Release|x86
	EndGlobalSection
	GlobalSection(ProjectConfigurationPlatforms) = postSolution
		{BBB2D5E9-3D38-49BF-B588-34B42CC72D02}.Debug|x64.ActiveCfg = Debug|x64
		{BBB2D5E9-3D38-49BF-B588-34B42CC72D02}.Debug|x64.Build.0 = Debug|x64
		{BBB2D5E9-3D38-49BF-B588-34B42CC72D02}.Debug|x86.ActiveCfg = Debug|Win32
		{BBB2D5E9-3D38-49BF-B588-34B42CC72D02}.Debug|x86.Build.0 = Debug|Win32
		{BBB2D5E9-3D38-49BF-B588-34B42CC72D02}.Release|x64.ActiveCfg = Release|x64
		{BBB2D5E9-3D38-49BF-B588-34B42CC72D02}.Release|x64.Build.0 = Release|x64
		{BBB2D5E9-3D38-49BF-B588-34B42CC72D02}.Release|x86.ActiveCfg = Release|Win32
		{BBB2D5E9-3D38-49BF-B588-34B42CC72D02}.Release|x86.Build.0 = Release|Win32
	EndGlobalSection
	GlobalSection(SolutionProperties) = preSolution
		HideSolutionNode = FALSE
	EndGlobalSection
	GlobalSection(ExtensibilityGlobals) = postSolution
		SolutionGuid = {941B96C4-CB18-454E-9991-63E4BA9245F9}
	EndGlobalSection
EndGlobal
