
Microsoft Visual Studio Solution File, Format Version 12.00
# Visual Studio 15
VisualStudioVersion = 15.0.26730.15
MinimumVisualStudioVersion = 10.0.40219.1
Project("{8BC9CEB8-8B4A-11D0-8D11-00A0C91BC942}") = "Lab1.2", "Lab1.2\Lab1.2.vcxproj", "{FCDEBD14-BE9D-4480-8159-5315CF4387AB}"
EndProject
Global
	GlobalSection(SolutionConfigurationPlatforms) = preSolution
		Debug|x64 = Debug|x64
		Debug|x86 = Debug|x86
		Release|x64 = Release|x64
		Release|x86 = Release|x86
	EndGlobalSection
	GlobalSection(ProjectConfigurationPlatforms) = postSolution
		{FCDEBD14-BE9D-4480-8159-5315CF4387AB}.Debug|x64.ActiveCfg = Debug|x64
		{FCDEBD14-BE9D-4480-8159-5315CF4387AB}.Debug|x64.Build.0 = Debug|x64
		{FCDEBD14-BE9D-4480-8159-5315CF4387AB}.Debug|x86.ActiveCfg = Debug|Win32
		{FCDEBD14-BE9D-4480-8159-5315CF4387AB}.Debug|x86.Build.0 = Debug|Win32
		{FCDEBD14-BE9D-4480-8159-5315CF4387AB}.Release|x64.ActiveCfg = Release|x64
		{FCDEBD14-BE9D-4480-8159-5315CF4387AB}.Release|x64.Build.0 = Release|x64
		{FCDEBD14-BE9D-4480-8159-5315CF4387AB}.Release|x86.ActiveCfg = Release|Win32
		{FCDEBD14-BE9D-4480-8159-5315CF4387AB}.Release|x86.Build.0 = Release|Win32
	EndGlobalSection
	GlobalSection(SolutionProperties) = preSolution
		HideSolutionNode = FALSE
	EndGlobalSection
	GlobalSection(ExtensibilityGlobals) = postSolution
		SolutionGuid = {1F709089-5C6D-4B97-B15A-3B4110EFEF16}
	EndGlobalSection
EndGlobal
