
Microsoft Visual Studio Solution File, Format Version 12.00
# Visual Studio 15
VisualStudioVersion = 15.0.26730.15
MinimumVisualStudioVersion = 10.0.40219.1
Project("{8BC9CEB8-8B4A-11D0-8D11-00A0C91BC942}") = "Lab1.7.1", "Lab1.7.1\Lab1.7.1.vcxproj", "{8A08B8BC-E760-41A0-8AD7-00BAC594F902}"
EndProject
Global
	GlobalSection(SolutionConfigurationPlatforms) = preSolution
		Debug|x64 = Debug|x64
		Debug|x86 = Debug|x86
		Release|x64 = Release|x64
		Release|x86 = Release|x86
	EndGlobalSection
	GlobalSection(ProjectConfigurationPlatforms) = postSolution
		{8A08B8BC-E760-41A0-8AD7-00BAC594F902}.Debug|x64.ActiveCfg = Debug|x64
		{8A08B8BC-E760-41A0-8AD7-00BAC594F902}.Debug|x64.Build.0 = Debug|x64
		{8A08B8BC-E760-41A0-8AD7-00BAC594F902}.Debug|x86.ActiveCfg = Debug|Win32
		{8A08B8BC-E760-41A0-8AD7-00BAC594F902}.Debug|x86.Build.0 = Debug|Win32
		{8A08B8BC-E760-41A0-8AD7-00BAC594F902}.Release|x64.ActiveCfg = Release|x64
		{8A08B8BC-E760-41A0-8AD7-00BAC594F902}.Release|x64.Build.0 = Release|x64
		{8A08B8BC-E760-41A0-8AD7-00BAC594F902}.Release|x86.ActiveCfg = Release|Win32
		{8A08B8BC-E760-41A0-8AD7-00BAC594F902}.Release|x86.Build.0 = Release|Win32
	EndGlobalSection
	GlobalSection(SolutionProperties) = preSolution
		HideSolutionNode = FALSE
	EndGlobalSection
	GlobalSection(ExtensibilityGlobals) = postSolution
		SolutionGuid = {039DEBD4-5985-4236-85E7-A7B93CE90177}
	EndGlobalSection
EndGlobal
